
Microsoft Visual Studio Solution File, Format Version 11.00
# Visual Studio 2010
Project("{FAE04EC0-301F-11D3-BF4B-00C04F79EFBC}") = "ForumDomain", "ForumDomain\ForumDomain.csproj", "{2053F94F-9887-4CDE-AEEB-B4F96E4F3A2B}"
EndProject
Project("{FAE04EC0-301F-11D3-BF4B-00C04F79EFBC}") = "ForumCQRS", "ForumCQRS\ForumCQRS.csproj", "{0B7E1018-9334-4802-AE2C-2072B5920387}"
EndProject
Project("{FAE04EC0-301F-11D3-BF4B-00C04F79EFBC}") = "ForumWeb", "ForumWeb\ForumWeb.csproj", "{6BB8880D-CB30-49FA-A68D-7933D9AD7ACF}"
EndProject
Global
	GlobalSection(SolutionConfigurationPlatforms) = preSolution
		Debug|Any CPU = Debug|Any CPU
		Release|Any CPU = Release|Any CPU
	EndGlobalSection
	GlobalSection(ProjectConfigurationPlatforms) = postSolution
		{2053F94F-9887-4CDE-AEEB-B4F96E4F3A2B}.Debug|Any CPU.ActiveCfg = Debug|Any CPU
		{2053F94F-9887-4CDE-AEEB-B4F96E4F3A2B}.Debug|Any CPU.Build.0 = Debug|Any CPU
		{2053F94F-9887-4CDE-AEEB-B4F96E4F3A2B}.Release|Any CPU.ActiveCfg = Release|Any CPU
		{2053F94F-9887-4CDE-AEEB-B4F96E4F3A2B}.Release|Any CPU.Build.0 = Release|Any CPU
		{0B7E1018-9334-4802-AE2C-2072B5920387}.Debug|Any CPU.ActiveCfg = Debug|Any CPU
		{0B7E1018-9334-4802-AE2C-2072B5920387}.Debug|Any CPU.Build.0 = Debug|Any CPU
		{0B7E1018-9334-4802-AE2C-2072B5920387}.Release|Any CPU.ActiveCfg = Release|Any CPU
		{0B7E1018-9334-4802-AE2C-2072B5920387}.Release|Any CPU.Build.0 = Release|Any CPU
		{6BB8880D-CB30-49FA-A68D-7933D9AD7ACF}.Debug|Any CPU.ActiveCfg = Debug|Any CPU
		{6BB8880D-CB30-49FA-A68D-7933D9AD7ACF}.Debug|Any CPU.Build.0 = Debug|Any CPU
		{6BB8880D-CB30-49FA-A68D-7933D9AD7ACF}.Release|Any CPU.ActiveCfg = Release|Any CPU
		{6BB8880D-CB30-49FA-A68D-7933D9AD7ACF}.Release|Any CPU.Build.0 = Release|Any CPU
	EndGlobalSection
	GlobalSection(SolutionProperties) = preSolution
		HideSolutionNode = FALSE
	EndGlobalSection
EndGlobal
